%{
  "binary": {:hex, :binary, "0.0.4", "dd077db70c0ded3e85c132b802338e14b80694684a7e2277666bfa4004b7fa66", [:mix], [], "hexpm", "a2faf5d5c22caec3efacf95370d8b050c003f48e03c221c37e0d1e2dd515b970"},
  "bitcoin": {:hex, :bitcoin, "0.0.2", "4a0f6185c68c51c2c3e9bf712b4e29b9b2814727177e10670815b6db872b6b9e", [:mix], [{:binary, "0.0.4", [hex: :binary, repo: "hexpm", optional: false]}, {:reagent, "~> 0.1.5", [hex: :reagent, repo: "hexpm", optional: false]}], "hexpm", "a4f22e7ff0da6446c5dc01d608b3e2ffad7e568ae045942d0b684b455a92d87e"},
  "calliope": {:hex, :calliope, "0.4.2", "29d8585331f3c04f95d6e2f7c8367d660cfb6c2dc031bd3d22afb7e7201eb5c6", [:mix], [], "hexpm", "3e355b0057ce52e402172e3f37f739765450b9c7ec18bf84c56c12007363283c"},
  "certifi": {:hex, :certifi, "2.0.0", "a0c0e475107135f76b8c1d5bc7efb33cd3815cb3cf3dea7aefdd174dabead064", [:rebar3], [], "hexpm", "fdc6066ceeccb3aa14049ab6edf0b9af3b64ae1b0db2a92d5c52146f373bbb1c"},
  "connection": {:hex, :connection, "1.0.4", "a1cae72211f0eef17705aaededacac3eb30e6625b04a6117c1b2db6ace7d5976", [:mix], [], "hexpm", "4a0850c9be22a43af9920a71ab17c051f5f7d45c209e40269a1938832510e4d9"},
  "cowboy": {:hex, :cowboy, "1.1.2", "61ac29ea970389a88eca5a65601460162d370a70018afe6f949a29dca91f3bb0", [:rebar3], [{:cowlib, "~> 1.0.2", [hex: :cowlib, repo: "hexpm", optional: false]}, {:ranch, "~> 1.3.2", [hex: :ranch, repo: "hexpm", optional: false]}], "hexpm", "f4763bbe08233eceed6f24bc4fcc8d71c17cfeafa6439157c57349aa1bb4f17c"},
  "cowlib": {:hex, :cowlib, "1.0.2", "9d769a1d062c9c3ac753096f868ca121e2730b9a377de23dec0f7e08b1df84ee", [:make], [], "hexpm", "db622da03aa039e6366ab953e31186cc8190d32905e33788a1acb22744e6abd2"},
  "datastructures": {:hex, :datastructures, "0.2.8", "cd9f53bed18f1d9526689a9559676c682b5a3ba230c1e3de187182f4ff86899c", [:mix], [], "hexpm", "fc351f7ac756383a5179b87fb16fb143be79235b7942dee97cf0315e8ace45fe"},
  "db_connection": {:hex, :db_connection, "1.1.3", "89b30ca1ef0a3b469b1c779579590688561d586694a3ce8792985d4d7e575a61", [:mix], [{:connection, "~> 1.0.2", [hex: :connection, repo: "hexpm", optional: false]}, {:poolboy, "~> 1.5", [hex: :poolboy, repo: "hexpm", optional: true]}, {:sbroker, "~> 1.0", [hex: :sbroker, repo: "hexpm", optional: true]}], "hexpm", "5f0a16a58312a610d5eb0b07506280c65f5137868ad479045f2a2dc4ced80550"},
  "decimal": {:hex, :decimal, "1.4.1", "ad9e501edf7322f122f7fc151cce7c2a0c9ada96f2b0155b8a09a795c2029770", [:mix], [], "hexpm", "f7fe23b2d27be88a524e55565d4a1ab3729356fa2618681f924c7bca805f913b"},
  "distillery": {:hex, :distillery, "1.0.0", "a866a72bf2a3a5f078f5a249017ed951acda88a760d200512f91f585d74db1ec", [:mix], [], "hexpm", "b8c6d7e0cea47426d178a8970ddeb160236d99fee3dca5cced2ec7184944497a"},
  "ecto": {:hex, :ecto, "2.2.8", "a4463c0928b970f2cee722cd29aaac154e866a15882c5737e0038bbfcf03ec2c", [:mix], [{:db_connection, "~> 1.1", [hex: :db_connection, repo: "hexpm", optional: true]}, {:decimal, "~> 1.2", [hex: :decimal, repo: "hexpm", optional: false]}, {:mariaex, "~> 0.8.0", [hex: :mariaex, repo: "hexpm", optional: true]}, {:poison, "~> 2.2 or ~> 3.0", [hex: :poison, repo: "hexpm", optional: true]}, {:poolboy, "~> 1.5", [hex: :poolboy, repo: "hexpm", optional: false]}, {:postgrex, "~> 0.13.0", [hex: :postgrex, repo: "hexpm", optional: true]}, {:sbroker, "~> 1.0", [hex: :sbroker, repo: "hexpm", optional: true]}], "hexpm", "1bd902bc7c7d465e7ab75701744288aac293b39c0940a8b69f2ada6bce2614ee"},
  "exts": {:hex, :exts, "0.3.4", "ec2af096ab4494c087a9615fffe9d5ba8a0fa0ccc465b340ee522ed7aff79078", [:mix], [{:datastructures, "~> 0.2", [hex: :datastructures, repo: "hexpm", optional: false]}], "hexpm", "ac30c04a94052e9eea11509778688772ffc2412d61c4d03e60fab80469be406e"},
  "file_system": {:hex, :file_system, "0.2.4", "f0bdda195c0e46e987333e986452ec523aed21d784189144f647c43eaf307064", [:mix], [], "hexpm", "d3d5ee3a1d656cb1efa0d0446df2aeb230c55d0d5fa2ab2840082f7ace50d04a"},
  "gettext": {:hex, :gettext, "0.14.0", "1a019a2e51d5ad3d126efe166dcdf6563768e5d06c32a99ad2281a1fa94b4c72", [:mix], [], "hexpm", "2b230b81062178856bcb09c41343df596bdfe3efcafe94e364b72e2df97ad7b1"},
  "hackney": {:hex, :hackney, "1.10.1", "c38d0ca52ea80254936a32c45bb7eb414e7a96a521b4ce76d00a69753b157f21", [:rebar3], [{:certifi, "2.0.0", [hex: :certifi, repo: "hexpm", optional: false]}, {:idna, "5.1.0", [hex: :idna, repo: "hexpm", optional: false]}, {:metrics, "1.0.1", [hex: :metrics, repo: "hexpm", optional: false]}, {:mimerl, "1.0.2", [hex: :mimerl, repo: "hexpm", optional: false]}, {:ssl_verify_fun, "1.1.1", [hex: :ssl_verify_fun, repo: "hexpm", optional: false]}], "hexpm", "6b1980a33628824ec829239b6f9bfc455f60eebc19d3096a215f5f6170d675cf"},
  "httpoison": {:hex, :httpoison, "0.13.0", "bfaf44d9f133a6599886720f3937a7699466d23bb0cd7a88b6ba011f53c6f562", [:mix], [{:hackney, "~> 1.8", [hex: :hackney, repo: "hexpm", optional: false]}], "hexpm", "4846958172d6401c4f34ecc5c2c4607b5b0d90b8eec8f6df137ca4907942ed0f"},
  "idna": {:hex, :idna, "5.1.0", "d72b4effeb324ad5da3cab1767cb16b17939004e789d8c0ad5b70f3cea20c89a", [:rebar3], [{:unicode_util_compat, "0.3.1", [hex: :unicode_util_compat, repo: "hexpm", optional: false]}], "hexpm", "fc1a2f7340c422650504b1662f28fdf381f34cbd30664e8491744e52c9511d40"},
  "mariaex": {:hex, :mariaex, "0.8.4", "5dd42a600c3949ec020cfac162a815115c9e9e406abffc1b14ffdc611d6f84bc", [:mix], [{:db_connection, "~> 1.1", [hex: :db_connection, repo: "hexpm", optional: false]}, {:decimal, "~> 1.0", [hex: :decimal, repo: "hexpm", optional: false]}, {:poison, ">= 0.0.0", [hex: :poison, repo: "hexpm", optional: true]}], "hexpm", "c116fc7ee523680ea676f483bb5336d9717593f3385dccf4f6b580e2ff8b820d"},
  "metrics": {:hex, :metrics, "1.0.1", "25f094dea2cda98213cecc3aeff09e940299d950904393b2a29d191c346a8486", [:rebar3], [], "hexpm", "69b09adddc4f74a40716ae54d140f93beb0fb8978d8636eaded0c31b6f099f16"},
  "mime": {:hex, :mime, "1.2.0", "78adaa84832b3680de06f88f0997e3ead3b451a440d183d688085be2d709b534", [:mix], [], "hexpm", "b24d1d704209b760aeac161255c8031c5160de1a5cb7dd28bb84ef5bda2ba29e"},
  "mimerl": {:hex, :mimerl, "1.0.2", "993f9b0e084083405ed8252b99460c4f0563e41729ab42d9074fd5e52439be88", [:rebar3], [], "hexpm", "7a4c8e1115a2732a67d7624e28cf6c9f30c66711a9e92928e745c255887ba465"},
  "phoenix": {:hex, :phoenix, "1.3.0", "1c01124caa1b4a7af46f2050ff11b267baa3edb441b45dbf243e979cd4c5891b", [:mix], [{:cowboy, "~> 1.0", [hex: :cowboy, repo: "hexpm", optional: true]}, {:phoenix_pubsub, "~> 1.0", [hex: :phoenix_pubsub, repo: "hexpm", optional: false]}, {:plug, "~> 1.3.3 or ~> 1.4", [hex: :plug, repo: "hexpm", optional: false]}, {:poison, "~> 2.2 or ~> 3.0", [hex: :poison, repo: "hexpm", optional: false]}], "hexpm", "35f7cc91126c9c374fff1d8e3219ece7a9d4f84f2f5d6565be53b381078c006c"},
  "phoenix_ecto": {:hex, :phoenix_ecto, "3.3.0", "702f6e164512853d29f9d20763493f2b3bcfcb44f118af2bc37bb95d0801b480", [:mix], [{:ecto, "~> 2.1", [hex: :ecto, repo: "hexpm", optional: false]}, {:phoenix_html, "~> 2.9", [hex: :phoenix_html, repo: "hexpm", optional: true]}, {:plug, "~> 1.0", [hex: :plug, repo: "hexpm", optional: false]}], "hexpm", "4e044e000709e7de75e82cd17dbb7ed78d398309c826ce193b4fea49bf5acb3e"},
  "phoenix_haml": {:hex, :phoenix_haml, "0.2.3", "432b689ebb03dc821f00ae0ae5fb22e814aa8704e599763cbde538daf9f389f6", [:mix], [{:calliope, "~> 0.4.1", [hex: :calliope, repo: "hexpm", optional: false]}, {:phoenix, "~> 1.1", [hex: :phoenix, repo: "hexpm", optional: false]}, {:phoenix_html, "~> 2.3", [hex: :phoenix_html, repo: "hexpm", optional: false]}], "hexpm", "bc52d3a5800034aad469c18af317cc983b362760348ce2f50c395efc733a00ec"},
  "phoenix_html": {:hex, :phoenix_html, "2.10.5", "4f9df6b0fb7422a9440a73182a566cb9cbe0e3ffe8884ef9337ccf284fc1ef0a", [:mix], [{:plug, "~> 1.0", [hex: :plug, repo: "hexpm", optional: false]}], "hexpm", "4f38ec3263ceb746f0ee7c4955dcdae05497750d795160d87fb45e458981a696"},
  "phoenix_live_reload": {:hex, :phoenix_live_reload, "1.1.3", "1d178429fc8950b12457d09c6afec247bfe1fcb6f36209e18fbb0221bdfe4d41", [:mix], [{:file_system, "~> 0.2.1 or ~> 0.3", [hex: :file_system, repo: "hexpm", optional: false]}, {:phoenix, "~> 1.0 or ~> 1.2 or ~> 1.3", [hex: :phoenix, repo: "hexpm", optional: false]}], "hexpm", "505df5f9e7eed4124b0a3372e2ca55728f1ae700f1867240daa533b82ee12f67"},
  "phoenix_pubsub": {:hex, :phoenix_pubsub, "1.0.2", "bfa7fd52788b5eaa09cb51ff9fcad1d9edfeb68251add458523f839392f034c1", [:mix], [], "hexpm", "6f9193364c5de86b85e8d3a80294a134aecf6c5618adcbae668608749e00a7f7"},
  "plug": {:hex, :plug, "1.4.3", "236d77ce7bf3e3a2668dc0d32a9b6f1f9b1f05361019946aae49874904be4aed", [:mix], [{:cowboy, "~> 1.0.1 or ~> 1.1", [hex: :cowboy, repo: "hexpm", optional: true]}, {:mime, "~> 1.0", [hex: :mime, repo: "hexpm", optional: false]}], "hexpm", "c1c408c57a1e4c88c365b9aff1198c350e22b765dbb97a460e9e6bd9364c6194"},
  "poison": {:hex, :poison, "3.1.0", "d9eb636610e096f86f25d9a46f35a9facac35609a7591b3be3326e99a0484665", [:mix], [], "hexpm", "fec8660eb7733ee4117b85f55799fd3833eb769a6df71ccf8903e8dc5447cfce"},
  "poolboy": {:hex, :poolboy, "1.5.1", "6b46163901cfd0a1b43d692657ed9d7e599853b3b21b95ae5ae0a777cf9b6ca8", [:rebar], [], "hexpm", "8f7168911120e13419e086e78d20e4d1a6776f1eee2411ac9f790af10813389f"},
  "postgrex": {:hex, :postgrex, "0.13.3", "c277cfb2a9c5034d445a722494c13359e361d344ef6f25d604c2353185682bfc", [:mix], [{:connection, "~> 1.0", [hex: :connection, repo: "hexpm", optional: false]}, {:db_connection, "~> 1.1", [hex: :db_connection, repo: "hexpm", optional: false]}, {:decimal, "~> 1.0", [hex: :decimal, repo: "hexpm", optional: false]}], "hexpm", "b5c6fcdde3e114739c902985531c2a711727c72c1ac03d757f390a4fa0beee9e"},
  "ranch": {:hex, :ranch, "1.3.2", "e4965a144dc9fbe70e5c077c65e73c57165416a901bd02ea899cfd95aa890986", [:rebar3], [], "hexpm", "6e56493a862433fccc3aca3025c946d6720d8eedf6e3e6fb911952a7071c357f"},
  "reagent": {:hex, :reagent, "0.1.14", "f6eaa35266091a41c93ae18b510472fa7c931c1f67a030d213ab0206ace843e1", [:mix], [{:exts, "~> 0.3", [hex: :exts, repo: "hexpm", optional: false]}, {:socket, "~> 0.3", [hex: :socket, repo: "hexpm", optional: false]}], "hexpm", "6d40dc48c6068f81aee3f6d461d6139942b22e407cdd854bb4a71972e02b121d"},
  "socket": {:hex, :socket, "0.3.13", "98a2ab20ce17f95fb512c5cadddba32b57273e0d2dba2d2e5f976c5969d0c632", [:mix], [], "hexpm", "f82ea9833ef49dde272e6568ab8aac657a636acb4cf44a7de8a935acb8957c2e"},
  "ssl_verify_fun": {:hex, :ssl_verify_fun, "1.1.1", "28a4d65b7f59893bc2c7de786dec1e1555bd742d336043fe644ae956c3497fbe", [:make, :rebar], [], "hexpm", "4f8805eb5c8a939cf2359367cb651a3180b27dfb48444846be2613d79355d65e"},
  "unicode_util_compat": {:hex, :unicode_util_compat, "0.3.1", "a1f612a7b512638634a603c8f401892afbf99b8ce93a45041f8aaca99cadb85e", [:rebar3], [], "hexpm", "da1d9bef8a092cc7e1e51f1298037a5ddfb0f657fe862dfe7ba4c5807b551c29"},
}
